// !$*UTF8*$!
{
	archiveVersion = 1;
	classes = {
	};
	objectVersion = 46;
	objects = {

/* Begin PBXBuildFile section */
		5018FCF31C97F995000C513C /* main.m in Sources */ = {isa = PBXBuildFile; fileRef = 5018FCF21C97F995000C513C /* main.m */; };
		5018FCF61C97F995000C513C /* AppDelegate.m in Sources */ = {isa = PBXBuildFile; fileRef = 5018FCF51C97F995000C513C /* AppDelegate.m */; };
		5018FCF91C97F995000C513C /* ViewController.m in Sources */ = {isa = PBXBuildFile; fileRef = 5018FCF81C97F995000C513C /* ViewController.m */; };
		5018FCFC1C97F995000C513C /* Main.storyboard in Resources */ = {isa = PBXBuildFile; fileRef = 5018FCFA1C97F995000C513C /* Main.storyboard */; };
		5018FCFE1C97F995000C513C /* Assets.xcassets in Resources */ = {isa = PBXBuildFile; fileRef = 5018FCFD1C97F995000C513C /* Assets.xcassets */; };
		5018FD011C97F995000C513C /* LaunchScreen.storyboard in Resources */ = {isa = PBXBuildFile; fileRef = 5018FCFF1C97F995000C513C /* LaunchScreen.storyboard */; };
		5018FD0C1C97F995000C513C /* BocaTests.m in Sources */ = {isa = PBXBuildFile; fileRef = 5018FD0B1C97F995000C513C /* BocaTests.m */; };
		5018FD1A1C97FCBA000C513C /* BCADrawingView.m in Sources */ = {isa = PBXBuildFile; fileRef = 5018FD191C97FCBA000C513C /* BCADrawingView.m */; };
		E2D1F8C71C9A4ADC0053C9F3 /* engine.m in Sources */ = {isa = PBXBuildFile; fileRef = E2D1F8C51C9A4ADC0053C9F3 /* engine.m */; };
/* End PBXBuildFile section */

/* Begin PBXContainerItemProxy section */
		5018FD081C97F995000C513C /* PBXContainerItemProxy */ = {
			isa = PBXContainerItemProxy;
			containerPortal = 5018FCE61C97F995000C513C /* Project object */;
			proxyType = 1;
			remoteGlobalIDString = 5018FCED1C97F995000C513C;
			remoteInfo = Boca;
		};
/* End PBXContainerItemProxy section */

/* Begin PBXFileReference section */
		5018FCEE1C97F995000C513C /* Boca.app */ = {isa = PBXFileReference; explicitFileType = wrapper.application; includeInIndex = 0; path = Boca.app; sourceTree = BUILT_PRODUCTS_DIR; };
		5018FCF21C97F995000C513C /* main.m */ = {isa = PBXFileReference; lastKnownFileType = sourcecode.c.objc; path = main.m; sourceTree = "<group>"; };
		5018FCF41C97F995000C513C /* AppDelegate.h */ = {isa = PBXFileReference; lastKnownFileType = sourcecode.c.h; path = AppDelegate.h; sourceTree = "<group>"; };
		5018FCF51C97F995000C513C /* AppDelegate.m */ = {isa = PBXFileReference; lastKnownFileType = sourcecode.c.objc; path = AppDelegate.m; sourceTree = "<group>"; };
		5018FCF71C97F995000C513C /* ViewController.h */ = {isa = PBXFileReference; lastKnownFileType = sourcecode.c.h; path = ViewController.h; sourceTree = "<group>"; };
		5018FCF81C97F995000C513C /* ViewController.m */ = {isa = PBXFileReference; lastKnownFileType = sourcecode.c.objc; path = ViewController.m; sourceTree = "<group>"; };
		5018FCFB1C97F995000C513C /* Base */ = {isa = PBXFileReference; lastKnownFileType = file.storyboard; name = Base; path = Base.lproj/Main.storyboard; sourceTree = "<group>"; };
		5018FCFD1C97F995000C513C /* Assets.xcassets */ = {isa = PBXFileReference; lastKnownFileType = folder.assetcatalog; path = Assets.xcassets; sourceTree = "<group>"; };
		5018FD001C97F995000C513C /* Base */ = {isa = PBXFileReference; lastKnownFileType = file.storyboard; name = Base; path = Base.lproj/LaunchScreen.storyboard; sourceTree = "<group>"; };
		5018FD021C97F995000C513C /* Info.plist */ = {isa = PBXFileReference; lastKnownFileType = text.plist.xml; path = Info.plist; sourceTree = "<group>"; };
		5018FD071C97F995000C513C /* BocaTests.xctest */ = {isa = PBXFileReference; explicitFileType = wrapper.cfbundle; includeInIndex = 0; path = BocaTests.xctest; sourceTree = BUILT_PRODUCTS_DIR; };
		5018FD0B1C97F995000C513C /* BocaTests.m */ = {isa = PBXFileReference; lastKnownFileType = sourcecode.c.objc; path = BocaTests.m; sourceTree = "<group>"; };
		5018FD0D1C97F995000C513C /* Info.plist */ = {isa = PBXFileReference; lastKnownFileType = text.plist.xml; path = Info.plist; sourceTree = "<group>"; };
		5018FD181C97FCBA000C513C /* BCADrawingView.h */ = {isa = PBXFileReference; fileEncoding = 4; lastKnownFileType = sourcecode.c.h; path = BCADrawingView.h; sourceTree = "<group>"; };
		5018FD191C97FCBA000C513C /* BCADrawingView.m */ = {isa = PBXFileReference; fileEncoding = 4; lastKnownFileType = sourcecode.c.objc; path = BCADrawingView.m; sourceTree = "<group>"; };
		505A80DB1CA0453400E4B1EF /* boca.h */ = {isa = PBXFileReference; lastKnownFileType = sourcecode.c.h; path = boca.h; sourceTree = "<group>"; };
		E2D1F8C51C9A4ADC0053C9F3 /* engine.m */ = {isa = PBXFileReference; fileEncoding = 4; lastKnownFileType = sourcecode.c.objc; path = engine.m; sourceTree = "<group>"; };
		E2D1F8C61C9A4ADC0053C9F3 /* engine.h */ = {isa = PBXFileReference; fileEncoding = 4; lastKnownFileType = sourcecode.c.h; path = engine.h; sourceTree = "<group>"; };
/* End PBXFileReference section */

/* Begin PBXFrameworksBuildPhase section */
		5018FCEB1C97F995000C513C /* Frameworks */ = {
			isa = PBXFrameworksBuildPhase;
			buildActionMask = 2147483647;
			files = (
			);
			runOnlyForDeploymentPostprocessing = 0;
		};
		5018FD041C97F995000C513C /* Frameworks */ = {
			isa = PBXFrameworksBuildPhase;
			buildActionMask = 2147483647;
			files = (
			);
			runOnlyForDeploymentPostprocessing = 0;
		};
/* End PBXFrameworksBuildPhase section */

/* Begin PBXGroup section */
		5018FCE51C97F995000C513C = {
			isa = PBXGroup;
			children = (
				5018FCF01C97F995000C513C /* Boca */,
				5018FD0A1C97F995000C513C /* BocaTests */,
				5018FCEF1C97F995000C513C /* Products */,
			);
			sourceTree = "<group>";
		};
		5018FCEF1C97F995000C513C /* Products */ = {
			isa = PBXGroup;
			children = (
				5018FCEE1C97F995000C513C /* Boca.app */,
				5018FD071C97F995000C513C /* BocaTests.xctest */,
			);
			name = Products;
			sourceTree = "<group>";
		};
		5018FCF01C97F995000C513C /* Boca */ = {
			isa = PBXGroup;
			children = (
				50B6F3281C991497007A33CF /* Engine */,
				5018FD171C97F9A4000C513C /* Application */,
				5018FD161C97F99D000C513C /* Engine */,
				5018FCFA1C97F995000C513C /* Main.storyboard */,
				5018FCFD1C97F995000C513C /* Assets.xcassets */,
				5018FCFF1C97F995000C513C /* LaunchScreen.storyboard */,
				5018FD021C97F995000C513C /* Info.plist */,
				5018FCF11C97F995000C513C /* Supporting Files */,
				5018FD181C97FCBA000C513C /* BCADrawingView.h */,
				5018FD191C97FCBA000C513C /* BCADrawingView.m */,
			);
			path = Boca;
			sourceTree = "<group>";
		};
		5018FCF11C97F995000C513C /* Supporting Files */ = {
			isa = PBXGroup;
			children = (
				5018FCF21C97F995000C513C /* main.m */,
			);
			name = "Supporting Files";
			sourceTree = "<group>";
		};
		5018FD0A1C97F995000C513C /* BocaTests */ = {
			isa = PBXGroup;
			children = (
				5018FD0B1C97F995000C513C /* BocaTests.m */,
				5018FD0D1C97F995000C513C /* Info.plist */,
			);
			path = BocaTests;
			sourceTree = "<group>";
		};
		5018FD161C97F99D000C513C /* Engine */ = {
			isa = PBXGroup;
			children = (
			);
			name = Engine;
			sourceTree = "<group>";
		};
		5018FD171C97F9A4000C513C /* Application */ = {
			isa = PBXGroup;
			children = (
				5018FCF41C97F995000C513C /* AppDelegate.h */,
				5018FCF51C97F995000C513C /* AppDelegate.m */,
				5018FCF71C97F995000C513C /* ViewController.h */,
				5018FCF81C97F995000C513C /* ViewController.m */,
			);
			name = Application;
			sourceTree = "<group>";
		};
		50B6F3281C991497007A33CF /* Engine */ = {
			isa = PBXGroup;
			children = (
				E2D1F8C61C9A4ADC0053C9F3 /* engine.h */,
				E2D1F8C51C9A4ADC0053C9F3 /* engine.m */,
				505A80DB1CA0453400E4B1EF /* boca.h */,
			);
			name = Engine;
			sourceTree = "<group>";
		};
/* End PBXGroup section */

/* Begin PBXNativeTarget section */
		5018FCED1C97F995000C513C /* Boca */ = {
			isa = PBXNativeTarget;
			buildConfigurationList = 5018FD101C97F995000C513C /* Build configuration list for PBXNativeTarget "Boca" */;
			buildPhases = (
				5018FCEA1C97F995000C513C /* Sources */,
				5018FCEB1C97F995000C513C /* Frameworks */,
				5018FCEC1C97F995000C513C /* Resources */,
			);
			buildRules = (
			);
			dependencies = (
			);
			name = Boca;
			productName = Boca;
			productReference = 5018FCEE1C97F995000C513C /* Boca.app */;
			productType = "com.apple.product-type.application";
		};
		5018FD061C97F995000C513C /* BocaTests */ = {
			isa = PBXNativeTarget;
			buildConfigurationList = 5018FD131C97F995000C513C /* Build configuration list for PBXNativeTarget "BocaTests" */;
			buildPhases = (
				5018FD031C97F995000C513C /* Sources */,
				5018FD041C97F995000C513C /* Frameworks */,
				5018FD051C97F995000C513C /* Resources */,
			);
			buildRules = (
			);
			dependencies = (
				5018FD091C97F995000C513C /* PBXTargetDependency */,
			);
			name = BocaTests;
			productName = BocaTests;
			productReference = 5018FD071C97F995000C513C /* BocaTests.xctest */;
			productType = "com.apple.product-type.bundle.unit-test";
		};
/* End PBXNativeTarget section */

/* Begin PBXProject section */
		5018FCE61C97F995000C513C /* Project object */ = {
			isa = PBXProject;
			attributes = {
				LastUpgradeCheck = 0720;
				ORGANIZATIONNAME = mxms;
				TargetAttributes = {
					5018FCED1C97F995000C513C = {
						CreatedOnToolsVersion = 7.2.1;
					};
					5018FD061C97F995000C513C = {
						CreatedOnToolsVersion = 7.2.1;
						TestTargetID = 5018FCED1C97F995000C513C;
					};
				};
			};
			buildConfigurationList = 5018FCE91C97F995000C513C /* Build configuration list for PBXProject "Boca" */;
			compatibilityVersion = "Xcode 3.2";
			developmentRegion = English;
			hasScannedForEncodings = 0;
			knownRegions = (
				en,
				Base,
			);
			mainGroup = 5018FCE51C97F995000C513C;
			productRefGroup = 5018FCEF1C97F995000C513C /* Products */;
			projectDirPath = "";
			projectRoot = "";
			targets = (
				5018FCED1C97F995000C513C /* Boca */,
				5018FD061C97F995000C513C /* BocaTests */,
			);
		};
/* End PBXProject section */

/* Begin PBXResourcesBuildPhase section */
		5018FCEC1C97F995000C513C /* Resources */ = {
			isa = PBXResourcesBuildPhase;
			buildActionMask = 2147483647;
			files = (
				5018FD011C97F995000C513C /* LaunchScreen.storyboard in Resources */,
				5018FCFE1C97F995000C513C /* Assets.xcassets in Resources */,
				5018FCFC1C97F995000C513C /* Main.storyboard in Resources */,
			);
			runOnlyForDeploymentPostprocessing = 0;
		};
		5018FD051C97F995000C513C /* Resources */ = {
			isa = PBXResourcesBuildPhase;
			buildActionMask = 2147483647;
			files = (
			);
			runOnlyForDeploymentPostprocessing = 0;
		};
/* End PBXResourcesBuildPhase section */

/* Begin PBXSourcesBuildPhase section */
		5018FCEA1C97F995000C513C /* Sources */ = {
			isa = PBXSourcesBuildPhase;
			buildActionMask = 2147483647;
			files = (
				5018FD1A1C97FCBA000C513C /* BCADrawingView.m in Sources */,
				E2D1F8C71C9A4ADC0053C9F3 /* engine.m in Sources */,
				5018FCF91C97F995000C513C /* ViewController.m in Sources */,
				5018FCF61C97F995000C513C /* AppDelegate.m in Sources */,
				5018FCF31C97F995000C513C /* main.m in Sources */,
			);
			runOnlyForDeploymentPostprocessing = 0;
		};
		5018FD031C97F995000C513C /* Sources */ = {
			isa = PBXSourcesBuildPhase;
			buildActionMask = 2147483647;
			files = (
				5018FD0C1C97F995000C513C /* BocaTests.m in Sources */,
			);
			runOnlyForDeploymentPostprocessing = 0;
		};
/* End PBXSourcesBuildPhase section */

/* Begin PBXTargetDependency section */
		5018FD091C97F995000C513C /* PBXTargetDependency */ = {
			isa = PBXTargetDependency;
			target = 5018FCED1C97F995000C513C /* Boca */;
			targetProxy = 5018FD081C97F995000C513C /* PBXContainerItemProxy */;
		};
/* End PBXTargetDependency section */

/* Begin PBXVariantGroup section */
		5018FCFA1C97F995000C513C /* Main.storyboard */ = {
			isa = PBXVariantGroup;
			children = (
				5018FCFB1C97F995000C513C /* Base */,
			);
			name = Main.storyboard;
			sourceTree = "<group>";
		};
		5018FCFF1C97F995000C513C /* LaunchScreen.storyboard */ = {
			isa = PBXVariantGroup;
			children = (
				5018FD001C97F995000C513C /* Base */,
			);
			name = LaunchScreen.storyboard;
			sourceTree = "<group>";
		};
/* End PBXVariantGroup section */

/* Begin XCBuildConfiguration section */
		5018FD0E1C97F995000C513C /* Debug */ = {
			isa = XCBuildConfiguration;
			buildSettings = {
				ALWAYS_SEARCH_USER_PATHS = NO;
				CLANG_CXX_LANGUAGE_STANDARD = "gnu++0x";
				CLANG_CXX_LIBRARY = "libc++";
				CLANG_ENABLE_MODULES = YES;
				CLANG_ENABLE_OBJC_ARC = YES;
				CLANG_WARN_BOOL_CONVERSION = YES;
				CLANG_WARN_CONSTANT_CONVERSION = YES;
				CLANG_WARN_DIRECT_OBJC_ISA_USAGE = YES_ERROR;
				CLANG_WARN_EMPTY_BODY = YES;
				CLANG_WARN_ENUM_CONVERSION = YES;
				CLANG_WARN_INT_CONVERSION = YES;
				CLANG_WARN_OBJC_ROOT_CLASS = YES_ERROR;
				CLANG_WARN_UNREACHABLE_CODE = YES;
				CLANG_WARN__DUPLICATE_METHOD_MATCH = YES;
				"CODE_SIGN_IDENTITY[sdk=iphoneos*]" = "iPhone Developer";
				COPY_PHASE_STRIP = NO;
				DEBUG_INFORMATION_FORMAT = dwarf;
				ENABLE_STRICT_OBJC_MSGSEND = YES;
				ENABLE_TESTABILITY = YES;
				GCC_C_LANGUAGE_STANDARD = gnu99;
				GCC_DYNAMIC_NO_PIC = NO;
				GCC_NO_COMMON_BLOCKS = YES;
				GCC_OPTIMIZATION_LEVEL = 0;
				GCC_PREPROCESSOR_DEFINITIONS = (
					"DEBUG=1",
					"$(inherited)",
				);
				GCC_WARN_64_TO_32_BIT_CONVERSION = YES;
				GCC_WARN_ABOUT_RETURN_TYPE = YES_ERROR;
				GCC_WARN_UNDECLARED_SELECTOR = YES;
				GCC_WARN_UNINITIALIZED_AUTOS = YES_AGGRESSIVE;
				GCC_WARN_UNUSED_FUNCTION = YES;
				GCC_WARN_UNUSED_VARIABLE = YES;
				IPHONEOS_DEPLOYMENT_TARGET = 9.2;
				MTL_ENABLE_DEBUG_INFO = YES;
				ONLY_ACTIVE_ARCH = YES;
				SDKROOT = iphoneos;
				TARGETED_DEVICE_FAMILY = "1,2";
			};
			name = Debug;
		};
		5018FD0F1C97F995000C513C /* Release */ = {
			isa = XCBuildConfiguration;
			buildSettings = {
				ALWAYS_SEARCH_USER_PATHS = NO;
				CLANG_CXX_LANGUAGE_STANDARD = "gnu++0x";
				CLANG_CXX_LIBRARY = "libc++";
				CLANG_ENABLE_MODULES = YES;
				CLANG_ENABLE_OBJC_ARC = YES;
				CLANG_WARN_BOOL_CONVERSION = YES;
				CLANG_WARN_CONSTANT_CONVERSION = YES;
				CLANG_WARN_DIRECT_OBJC_ISA_USAGE = YES_ERROR;
				CLANG_WARN_EMPTY_BODY = YES;
				CLANG_WARN_ENUM_CONVERSION = YES;
				CLANG_WARN_INT_CONVERSION = YES;
				CLANG_WARN_OBJC_ROOT_CLASS = YES_ERROR;
				CLANG_WARN_UNREACHABLE_CODE = YES;
				CLANG_WARN__DUPLICATE_METHOD_MATCH = YES;
				"CODE_SIGN_IDENTITY[sdk=iphoneos*]" = "iPhone Developer";
				COPY_PHASE_STRIP = NO;
				DEBUG_INFORMATION_FORMAT = "dwarf-with-dsym";
				ENABLE_NS_ASSERTIONS = NO;
				ENABLE_STRICT_OBJC_MSGSEND = YES;
				GCC_C_LANGUAGE_STANDARD = gnu99;
				GCC_NO_COMMON_BLOCKS = YES;
				GCC_WARN_64_TO_32_BIT_CONVERSION = YES;
				GCC_WARN_ABOUT_RETURN_TYPE = YES_ERROR;
				GCC_WARN_UNDECLARED_SELECTOR = YES;
				GCC_WARN_UNINITIALIZED_AUTOS = YES_AGGRESSIVE;
				GCC_WARN_UNUSED_FUNCTION = YES;
				GCC_WARN_UNUSED_VARIABLE = YES;
				IPHONEOS_DEPLOYMENT_TARGET = 9.2;
				MTL_ENABLE_DEBUG_INFO = NO;
				SDKROOT = iphoneos;
				TARGETED_DEVICE_FAMILY = "1,2";
				VALIDATE_PRODUCT = YES;
			};
			name = Release;
		};
		5018FD111C97F995000C513C /* Debug */ = {
			isa = XCBuildConfiguration;
			buildSettings = {
				ASSETCATALOG_COMPILER_APPICON_NAME = AppIcon;
				INFOPLIST_FILE = Boca/Info.plist;
				LD_RUNPATH_SEARCH_PATHS = "$(inherited) @executable_path/Frameworks";
				PRODUCT_BUNDLE_IDENTIFIER = pw.mxms.Boca;
				PRODUCT_NAME = "$(TARGET_NAME)";
			};
			name = Debug;
		};
		5018FD121C97F995000C513C /* Release */ = {
			isa = XCBuildConfiguration;
			buildSettings = {
				ASSETCATALOG_COMPILER_APPICON_NAME = AppIcon;
				INFOPLIST_FILE = Boca/Info.plist;
				LD_RUNPATH_SEARCH_PATHS = "$(inherited) @executable_path/Frameworks";
				PRODUCT_BUNDLE_IDENTIFIER = pw.mxms.Boca;
				PRODUCT_NAME = "$(TARGET_NAME)";
			};
			name = Release;
		};
		5018FD141C97F995000C513C /* Debug */ = {
			isa = XCBuildConfiguration;
			buildSettings = {
				BUNDLE_LOADER = "$(TEST_HOST)";
				INFOPLIST_FILE = BocaTests/Info.plist;
				LD_RUNPATH_SEARCH_PATHS = "$(inherited) @executable_path/Frameworks @loader_path/Frameworks";
				PRODUCT_BUNDLE_IDENTIFIER = pw.mxms.BocaTests;
				PRODUCT_NAME = "$(TARGET_NAME)";
				TEST_HOST = "$(BUILT_PRODUCTS_DIR)/Boca.app/Boca";
			};
			name = Debug;
		};
		5018FD151C97F995000C513C /* Release */ = {
			isa = XCBuildConfiguration;
			buildSettings = {
				BUNDLE_LOADER = "$(TEST_HOST)";
				INFOPLIST_FILE = BocaTests/Info.plist;
				LD_RUNPATH_SEARCH_PATHS = "$(inherited) @executable_path/Frameworks @loader_path/Frameworks";
				PRODUCT_BUNDLE_IDENTIFIER = pw.mxms.BocaTests;
				PRODUCT_NAME = "$(TARGET_NAME)";
				TEST_HOST = "$(BUILT_PRODUCTS_DIR)/Boca.app/Boca";
			};
			name = Release;
		};
/* End XCBuildConfiguration section */

/* Begin XCConfigurationList section */
		5018FCE91C97F995000C513C /* Build configuration list for PBXProject "Boca" */ = {
			isa = XCConfigurationList;
			buildConfigurations = (
				5018FD0E1C97F995000C513C /* Debug */,
				5018FD0F1C97F995000C513C /* Release */,
			);
			defaultConfigurationIsVisible = 0;
			defaultConfigurationName = Release;
		};
		5018FD101C97F995000C513C /* Build configuration list for PBXNativeTarget "Boca" */ = {
			isa = XCConfigurationList;
			buildConfigurations = (
				5018FD111C97F995000C513C /* Debug */,
				5018FD121C97F995000C513C /* Release */,
			);
			defaultConfigurationIsVisible = 0;
			defaultConfigurationName = Release;
		};
		5018FD131C97F995000C513C /* Build configuration list for PBXNativeTarget "BocaTests" */ = {
			isa = XCConfigurationList;
			buildConfigurations = (
				5018FD141C97F995000C513C /* Debug */,
				5018FD151C97F995000C513C /* Release */,
			);
			defaultConfigurationIsVisible = 0;
			defaultConfigurationName = Release;
		};
/* End XCConfigurationList section */
	};
	rootObject = 5018FCE61C97F995000C513C /* Project object */;
}
